
Microsoft Visual Studio Solution File, Format Version 12.00
# Visual Studio 2013
VisualStudioVersion = 12.0.30501.0
MinimumVisualStudioVersion = 10.0.40219.1
Project("{FAE04EC0-301F-11D3-BF4B-00C04F79EFBC}") = "ASP.NET_Identity_Custom", "ASP.NET_Identity_Custom\ASP.NET_Identity_Custom.csproj", "{78671819-6A4B-4A53-B9D5-3E723E8ED1A9}"
EndProject
Global
	GlobalSection(SolutionConfigurationPlatforms) = preSolution
		Debug|Any CPU = Debug|Any CPU
		Release|Any CPU = Release|Any CPU
	EndGlobalSection
	GlobalSection(ProjectConfigurationPlatforms) = postSolution
		{78671819-6A4B-4A53-B9D5-3E723E8ED1A9}.Debug|Any CPU.ActiveCfg = Debug|Any CPU
		{78671819-6A4B-4A53-B9D5-3E723E8ED1A9}.Debug|Any CPU.Build.0 = Debug|Any CPU
		{78671819-6A4B-4A53-B9D5-3E723E8ED1A9}.Release|Any CPU.ActiveCfg = Release|Any CPU
		{78671819-6A4B-4A53-B9D5-3E723E8ED1A9}.Release|Any CPU.Build.0 = Release|Any CPU
	EndGlobalSection
	GlobalSection(SolutionProperties) = preSolution
		HideSolutionNode = FALSE
	EndGlobalSection
EndGlobal
